{
  "nodes": {
    "bend": {
      "inputs": {
        "nixpkgs": "nixpkgs"
      },
      "locked": {
        "lastModified": 1790702137,
        "narHash": "sha256-hz1lL1gzrq0poo5J7kpDU91uFsz97cMKzNvbKsv8WwQ=",
        "owner": "bendlang",
        "repo": "bend",
        "rev": "018751270e800bc222a93dad7f257083ee53a5f7",
        "type": "github"
      },
      "original": {
        "owner": "bendlang",
        "repo": "bend",
        "type": "github"
      }
    },
    "corepkgs": {
      "inputs": {
        "nix-lib": "nix-lib",
        "systems": "systems",
        "treefmt-nix": "treefmt-nix"
      },
      "locked": {
        "lastModified": 1790518605,
        "narHash": "sha256-KuXbuJUW1VyuPFX48C/o1+fInmMsAAYr45pkkVzrpEI=",
        "owner": "ekala-project",
        "repo": "corepkgs",
        "rev": "782d557e8758ce7ea383d991ba238cb3abcee21f",
        "type": "github"
      },
      "original": {
        "owner": "ekala-project",
        "repo": "corepkgs",
        "type": "github"
      }
    },
    "nix-lib": {
      "locked": {
        "lastModified": 1787401631,
        "narHash": "sha256-Qko+hdbdmfUT+wSTlcc7TOAMHGhyMI9sdRlKzcyzDqk=",
        "owner": "ekala-project",
        "repo": "nix-lib",
        "rev": "a52fa865318d189e15ecc37ed1d26815309e4e4e",
        "type": "github"
      },
      "original": {
        "owner": "ekala-project",
        "repo": "nix-lib",
        "type": "github"
      }
    },
    "nixpkgs": {
      "locked": {
        "lastModified": 1790578696,
        "narHash": "sha256-ZoxIApko70jCdbH3l20HWXOBaT2HZd87orzd2yJ9dVE=",
        "owner": "NixOS",
        "repo": "nixpkgs",
        "rev": "7a0f122f5090cf4c2ade2a13a0e229d4e19ba71f",
        "type": "github"
      },
      "original": {
        "owner": "NixOS",
        "ref": "nixos-unstable",
        "repo": "nixpkgs",
        "type": "github"
      }
    },
    "root": {
      "inputs": {
        "bend": "bend",
        "corepkgs": "corepkgs"
      }
    },
    "systems": {
      "locked": {
        "lastModified": 1681028828,
        "narHash": "sha256-Vy1rq5AaRuLzOxct8nz4T6wlgyUR7zLU309k9mBC768=",
        "owner": "nix-systems",
        "repo": "default",
        "rev": "da67096a3b9bf56a91d16901293e51ba5b49a27e",
        "type": "github"
      },
      "original": {
        "owner": "nix-systems",
        "repo": "default",
        "type": "github"
      }
    },
    "treefmt-nix": {
      "inputs": {
        "nixpkgs": [
          "corepkgs",
          "nix-lib"
        ]
      },
      "locked": {
        "lastModified": 1786901030,
        "narHash": "sha256-WSFCsDSE5ffgD2MqzkM2CYjeFiKhRF/dJUN8uedb6YE=",
        "owner": "numtide",
        "repo": "treefmt-nix",
        "rev": "27b3b12a8e6375f28ebe122f07d230ca5459bbfa",
        "type": "github"
      },
      "original": {
        "owner": "numtide",
        "repo": "treefmt-nix",
        "type": "github"
      }
    }
  },
  "root": "root",
  "version": 7
}
